{
  "name": "pdf2json",
  "version": "2.0.0",
  "lockfileVersion": 2,
  "requires": true,
  "packages": {
    "": {
      "name": "pdf2json",
      "version": "2.0.0",
      "license": "Apache-2.0",
      "dependencies": {
        "@xmldom/xmldom": "0.7.7"
      },
      "bin": {
        "pdf2json": "bin/pdf2json"
      },
      "devDependencies": {},
      "engines": {
        "node": ">=14.18.0",
        "npm": ">=6.14.15"
      }
    },
    "node_modules/@xmldom/xmldom": {
      "version": "0.7.7",
      "resolved": "https://registry.npmjs.org/@xmldom/xmldom/-/xmldom-0.7.7.tgz",
      "integrity": "sha512-RwEdIYho2kjbSZ7fpvhkHy5wk1Y3x0O6e/EHL3/SoiAfFWH+yhV2/XZQvsBoAeGRNFwgScJS/gRZv+uIwoj7yA==",
      "engines": {
        "node": ">=10.0.0"
      }
    }
  },
  "dependencies": {
    "@xmldom/xmldom": {
      "version": "0.7.7",
      "resolved": "https://registry.npmjs.org/@xmldom/xmldom/-/xmldom-0.7.7.tgz",
      "integrity": "sha512-RwEdIYho2kjbSZ7fpvhkHy5wk1Y3x0O6e/EHL3/SoiAfFWH+yhV2/XZQvsBoAeGRNFwgScJS/gRZv+uIwoj7yA=="
    }
  }
}
